
Microsoft Visual Studio Solution File, Format Version 12.00
# Visual Studio Version 17
VisualStudioVersion = 17.9.34616.47
MinimumVisualStudioVersion = 10.0.40219.1
Project("{9A19103F-16F7-4668-BE54-9A1E7A4F7556}") = "KARacter.YouNeed.Api", "Presentation\KARacter.YouNeed.Api\KARacter.YouNeed.Api.csproj", "{D53CADAF-09AD-487D-B454-B33346AEC98A}"
EndProject
Project("{2150E333-8FDC-42A3-9474-1A3956D46DE8}") = "Core", "Core", "{2C738A64-0590-4792-880C-C7AEF55E5B8F}"
EndProject
Project("{2150E333-8FDC-42A3-9474-1A3956D46DE8}") = "Infrastructure", "Infrastructure", "{BFD7B110-A659-4971-B3EE-66CF0964EE7E}"
EndProject
Project("{2150E333-8FDC-42A3-9474-1A3956D46DE8}") = "KARacter.YouNeed.Application", "KARacter.YouNeed.Application", "{B6660F9B-A5EB-4442-8870-A8308B137BAE}"
EndProject
Project("{2150E333-8FDC-42A3-9474-1A3956D46DE8}") = "KARacter.YouNeed.Common", "KARacter.YouNeed.Common", "{6AD0978C-36FD-44A9-894F-E9857BA5A3A2}"
EndProject
Project("{2150E333-8FDC-42A3-9474-1A3956D46DE8}") = "KARacter.YouNeed.Domain", "KARacter.YouNeed.Domain", "{C89C054E-BF03-409F-B7AF-2E20BB3B1A92}"
EndProject
Project("{2150E333-8FDC-42A3-9474-1A3956D46DE8}") = "KARacter.YouNeed.Infrastructure", "KARacter.YouNeed.Infrastructure", "{48720D1F-3783-4839-BA0D-8C543684B32E}"
EndProject
Project("{2150E333-8FDC-42A3-9474-1A3956D46DE8}") = "KARacter.YouNeed.Persistence", "KARacter.YouNeed.Persistence", "{8D275DB7-7D50-4D21-BC35-A517BB969A84}"
EndProject
Project("{9A19103F-16F7-4668-BE54-9A1E7A4F7556}") = "KARacter.YouNeed.Application", "Core\KARacter.YouNeed.Application\KARacter.YouNeed.Application.csproj", "{34AA3D5A-06FC-473D-A0FD-A0A5F62DA230}"
EndProject
Project("{9A19103F-16F7-4668-BE54-9A1E7A4F7556}") = "KARacter.YouNeed.Common", "Core\KARacter.YouNeed.Common\KARacter.YouNeed.Common.csproj", "{84EA0905-BD60-4680-933F-B853C516774C}"
EndProject
Project("{9A19103F-16F7-4668-BE54-9A1E7A4F7556}") = "KARacter.YouNeed.Domain", "Core\KARacter.YouNeed.Domain\KARacter.YouNeed.Domain.csproj", "{B6F5A016-D08C-48AE-AFA6-AD098FA2D2AC}"
EndProject
Project("{9A19103F-16F7-4668-BE54-9A1E7A4F7556}") = "KARacter.YouNeed.Infrastructure", "Infrastructure\KARacter.YouNeed.Infrastructure\KARacter.YouNeed.Infrastructure.csproj", "{7146C957-8C5A-493D-8B10-A3E93B1B5E60}"
EndProject
Project("{9A19103F-16F7-4668-BE54-9A1E7A4F7556}") = "KARacter.YouNeed.Persistence", "Infrastructure\KARacter.YouNeed.Persistence\KARacter.YouNeed.Persistence.csproj", "{03868DC0-0D34-4457-9C18-0400CEB09CA5}"
EndProject
Project("{2150E333-8FDC-42A3-9474-1A3956D46DE8}") = "Database", "Database", "{753DFAB4-C1B5-47E1-8EAF-DF5BA113FD4D}"
EndProject
Project("{00D1A9C2-B5F0-4AF3-8072-F6C62B433612}") = "KARacter.YouNeed.Database", "Database\KARacter.YouNeed.Database\KARacter.YouNeed.Database.sqlproj", "{54755604-8CB4-4D72-9FE3-D7C88D906656}"
EndProject
Global
	GlobalSection(SolutionConfigurationPlatforms) = preSolution
		Debug|Any CPU = Debug|Any CPU
		Release|Any CPU = Release|Any CPU
	EndGlobalSection
	GlobalSection(ProjectConfigurationPlatforms) = postSolution
		{D53CADAF-09AD-487D-B454-B33346AEC98A}.Debug|Any CPU.ActiveCfg = Debug|Any CPU
		{D53CADAF-09AD-487D-B454-B33346AEC98A}.Debug|Any CPU.Build.0 = Debug|Any CPU
		{D53CADAF-09AD-487D-B454-B33346AEC98A}.Release|Any CPU.ActiveCfg = Release|Any CPU
		{D53CADAF-09AD-487D-B454-B33346AEC98A}.Release|Any CPU.Build.0 = Release|Any CPU
		{34AA3D5A-06FC-473D-A0FD-A0A5F62DA230}.Debug|Any CPU.ActiveCfg = Debug|Any CPU
		{34AA3D5A-06FC-473D-A0FD-A0A5F62DA230}.Debug|Any CPU.Build.0 = Debug|Any CPU
		{34AA3D5A-06FC-473D-A0FD-A0A5F62DA230}.Release|Any CPU.ActiveCfg = Release|Any CPU
		{34AA3D5A-06FC-473D-A0FD-A0A5F62DA230}.Release|Any CPU.Build.0 = Release|Any CPU
		{84EA0905-BD60-4680-933F-B853C516774C}.Debug|Any CPU.ActiveCfg = Debug|Any CPU
		{84EA0905-BD60-4680-933F-B853C516774C}.Debug|Any CPU.Build.0 = Debug|Any CPU
		{84EA0905-BD60-4680-933F-B853C516774C}.Release|Any CPU.ActiveCfg = Release|Any CPU
		{84EA0905-BD60-4680-933F-B853C516774C}.Release|Any CPU.Build.0 = Release|Any CPU
		{B6F5A016-D08C-48AE-AFA6-AD098FA2D2AC}.Debug|Any CPU.ActiveCfg = Debug|Any CPU
		{B6F5A016-D08C-48AE-AFA6-AD098FA2D2AC}.Debug|Any CPU.Build.0 = Debug|Any CPU
		{B6F5A016-D08C-48AE-AFA6-AD098FA2D2AC}.Release|Any CPU.ActiveCfg = Release|Any CPU
		{B6F5A016-D08C-48AE-AFA6-AD098FA2D2AC}.Release|Any CPU.Build.0 = Release|Any CPU
		{7146C957-8C5A-493D-8B10-A3E93B1B5E60}.Debug|Any CPU.ActiveCfg = Debug|Any CPU
		{7146C957-8C5A-493D-8B10-A3E93B1B5E60}.Debug|Any CPU.Build.0 = Debug|Any CPU
		{7146C957-8C5A-493D-8B10-A3E93B1B5E60}.Release|Any CPU.ActiveCfg = Release|Any CPU
		{7146C957-8C5A-493D-8B10-A3E93B1B5E60}.Release|Any CPU.Build.0 = Release|Any CPU
		{03868DC0-0D34-4457-9C18-0400CEB09CA5}.Debug|Any CPU.ActiveCfg = Debug|Any CPU
		{03868DC0-0D34-4457-9C18-0400CEB09CA5}.Debug|Any CPU.Build.0 = Debug|Any CPU
		{03868DC0-0D34-4457-9C18-0400CEB09CA5}.Release|Any CPU.ActiveCfg = Release|Any CPU
		{03868DC0-0D34-4457-9C18-0400CEB09CA5}.Release|Any CPU.Build.0 = Release|Any CPU
		{54755604-8CB4-4D72-9FE3-D7C88D906656}.Debug|Any CPU.ActiveCfg = Debug|Any CPU
		{54755604-8CB4-4D72-9FE3-D7C88D906656}.Debug|Any CPU.Build.0 = Debug|Any CPU
		{54755604-8CB4-4D72-9FE3-D7C88D906656}.Debug|Any CPU.Deploy.0 = Debug|Any CPU
		{54755604-8CB4-4D72-9FE3-D7C88D906656}.Release|Any CPU.ActiveCfg = Release|Any CPU
		{54755604-8CB4-4D72-9FE3-D7C88D906656}.Release|Any CPU.Build.0 = Release|Any CPU
		{54755604-8CB4-4D72-9FE3-D7C88D906656}.Release|Any CPU.Deploy.0 = Release|Any CPU
	EndGlobalSection
	GlobalSection(SolutionProperties) = preSolution
		HideSolutionNode = FALSE
	EndGlobalSection
	GlobalSection(NestedProjects) = preSolution
		{B6660F9B-A5EB-4442-8870-A8308B137BAE} = {2C738A64-0590-4792-880C-C7AEF55E5B8F}
		{6AD0978C-36FD-44A9-894F-E9857BA5A3A2} = {2C738A64-0590-4792-880C-C7AEF55E5B8F}
		{C89C054E-BF03-409F-B7AF-2E20BB3B1A92} = {2C738A64-0590-4792-880C-C7AEF55E5B8F}
		{48720D1F-3783-4839-BA0D-8C543684B32E} = {BFD7B110-A659-4971-B3EE-66CF0964EE7E}
		{8D275DB7-7D50-4D21-BC35-A517BB969A84} = {BFD7B110-A659-4971-B3EE-66CF0964EE7E}
		{34AA3D5A-06FC-473D-A0FD-A0A5F62DA230} = {B6660F9B-A5EB-4442-8870-A8308B137BAE}
		{84EA0905-BD60-4680-933F-B853C516774C} = {6AD0978C-36FD-44A9-894F-E9857BA5A3A2}
		{B6F5A016-D08C-48AE-AFA6-AD098FA2D2AC} = {C89C054E-BF03-409F-B7AF-2E20BB3B1A92}
		{7146C957-8C5A-493D-8B10-A3E93B1B5E60} = {48720D1F-3783-4839-BA0D-8C543684B32E}
		{03868DC0-0D34-4457-9C18-0400CEB09CA5} = {8D275DB7-7D50-4D21-BC35-A517BB969A84}
		{54755604-8CB4-4D72-9FE3-D7C88D906656} = {753DFAB4-C1B5-47E1-8EAF-DF5BA113FD4D}
	EndGlobalSection
	GlobalSection(ExtensibilityGlobals) = postSolution
		SolutionGuid = {FCDB93DE-3E4E-472F-88C5-BBAFAF5A04BE}
	EndGlobalSection
EndGlobal
